
Microsoft Visual Studio Solution File, Format Version 12.00
# Visual Studio Version 16
VisualStudioVersion = 16.0.31205.134
MinimumVisualStudioVersion = 10.0.40219.1
Project("{FAE04EC0-301F-11D3-BF4B-00C04F79EFBC}") = "QrPrototype.Android", "QrPrototype\QrPrototype.Android\QrPrototype.Android.csproj", "{E2CE3FBF-1404-4F70-9D63-1A1522CD647A}"
EndProject
Project("{FAE04EC0-301F-11D3-BF4B-00C04F79EFBC}") = "QrPrototype.iOS", "QrPrototype\QrPrototype.iOS\QrPrototype.iOS.csproj", "{69B3FEB0-92F6-44C7-9DA1-0007AFA2F0A7}"
EndProject
Project("{FAE04EC0-301F-11D3-BF4B-00C04F79EFBC}") = "QrPrototype", "QrPrototype\QrPrototype\QrPrototype.csproj", "{A9842298-2EFD-4F31-8DCB-FDEEA7B84C9A}"
EndProject
Global
	GlobalSection(SolutionConfigurationPlatforms) = preSolution
		Debug|Any CPU = Debug|Any CPU
		Debug|iPhone = Debug|iPhone
		Debug|iPhoneSimulator = Debug|iPhoneSimulator
		Release|Any CPU = Release|Any CPU
		Release|iPhone = Release|iPhone
		Release|iPhoneSimulator = Release|iPhoneSimulator
	EndGlobalSection
	GlobalSection(ProjectConfigurationPlatforms) = postSolution
		{E2CE3FBF-1404-4F70-9D63-1A1522CD647A}.Debug|Any CPU.ActiveCfg = Debug|Any CPU
		{E2CE3FBF-1404-4F70-9D63-1A1522CD647A}.Debug|Any CPU.Build.0 = Debug|Any CPU
		{E2CE3FBF-1404-4F70-9D63-1A1522CD647A}.Debug|Any CPU.Deploy.0 = Debug|Any CPU
		{E2CE3FBF-1404-4F70-9D63-1A1522CD647A}.Debug|iPhone.ActiveCfg = Debug|Any CPU
		{E2CE3FBF-1404-4F70-9D63-1A1522CD647A}.Debug|iPhone.Build.0 = Debug|Any CPU
		{E2CE3FBF-1404-4F70-9D63-1A1522CD647A}.Debug|iPhone.Deploy.0 = Debug|Any CPU
		{E2CE3FBF-1404-4F70-9D63-1A1522CD647A}.Debug|iPhoneSimulator.ActiveCfg = Debug|Any CPU
		{E2CE3FBF-1404-4F70-9D63-1A1522CD647A}.Debug|iPhoneSimulator.Build.0 = Debug|Any CPU
		{E2CE3FBF-1404-4F70-9D63-1A1522CD647A}.Debug|iPhoneSimulator.Deploy.0 = Debug|Any CPU
		{E2CE3FBF-1404-4F70-9D63-1A1522CD647A}.Release|Any CPU.ActiveCfg = Release|Any CPU
		{E2CE3FBF-1404-4F70-9D63-1A1522CD647A}.Release|Any CPU.Build.0 = Release|Any CPU
		{E2CE3FBF-1404-4F70-9D63-1A1522CD647A}.Release|Any CPU.Deploy.0 = Release|Any CPU
		{E2CE3FBF-1404-4F70-9D63-1A1522CD647A}.Release|iPhone.ActiveCfg = Release|Any CPU
		{E2CE3FBF-1404-4F70-9D63-1A1522CD647A}.Release|iPhone.Build.0 = Release|Any CPU
		{E2CE3FBF-1404-4F70-9D63-1A1522CD647A}.Release|iPhone.Deploy.0 = Release|Any CPU
		{E2CE3FBF-1404-4F70-9D63-1A1522CD647A}.Release|iPhoneSimulator.ActiveCfg = Release|Any CPU
		{E2CE3FBF-1404-4F70-9D63-1A1522CD647A}.Release|iPhoneSimulator.Build.0 = Release|Any CPU
		{E2CE3FBF-1404-4F70-9D63-1A1522CD647A}.Release|iPhoneSimulator.Deploy.0 = Release|Any CPU
		{69B3FEB0-92F6-44C7-9DA1-0007AFA2F0A7}.Debug|Any CPU.ActiveCfg = Debug|iPhone
		{69B3FEB0-92F6-44C7-9DA1-0007AFA2F0A7}.Debug|Any CPU.Build.0 = Debug|iPhone
		{69B3FEB0-92F6-44C7-9DA1-0007AFA2F0A7}.Debug|Any CPU.Deploy.0 = Debug|iPhone
		{69B3FEB0-92F6-44C7-9DA1-0007AFA2F0A7}.Debug|iPhone.ActiveCfg = Debug|iPhone
		{69B3FEB0-92F6-44C7-9DA1-0007AFA2F0A7}.Debug|iPhone.Build.0 = Debug|iPhone
		{69B3FEB0-92F6-44C7-9DA1-0007AFA2F0A7}.Debug|iPhone.Deploy.0 = Debug|iPhone
		{69B3FEB0-92F6-44C7-9DA1-0007AFA2F0A7}.Debug|iPhoneSimulator.ActiveCfg = Debug|iPhoneSimulator
		{69B3FEB0-92F6-44C7-9DA1-0007AFA2F0A7}.Debug|iPhoneSimulator.Build.0 = Debug|iPhoneSimulator
		{69B3FEB0-92F6-44C7-9DA1-0007AFA2F0A7}.Debug|iPhoneSimulator.Deploy.0 = Debug|iPhoneSimulator
		{69B3FEB0-92F6-44C7-9DA1-0007AFA2F0A7}.Release|Any CPU.ActiveCfg = Release|iPhoneSimulator
		{69B3FEB0-92F6-44C7-9DA1-0007AFA2F0A7}.Release|Any CPU.Build.0 = Release|iPhoneSimulator
		{69B3FEB0-92F6-44C7-9DA1-0007AFA2F0A7}.Release|Any CPU.Deploy.0 = Release|iPhoneSimulator
		{69B3FEB0-92F6-44C7-9DA1-0007AFA2F0A7}.Release|iPhone.ActiveCfg = Release|iPhone
		{69B3FEB0-92F6-44C7-9DA1-0007AFA2F0A7}.Release|iPhone.Build.0 = Release|iPhone
		{69B3FEB0-92F6-44C7-9DA1-0007AFA2F0A7}.Release|iPhone.Deploy.0 = Release|iPhone
		{69B3FEB0-92F6-44C7-9DA1-0007AFA2F0A7}.Release|iPhoneSimulator.ActiveCfg = Release|iPhoneSimulator
		{69B3FEB0-92F6-44C7-9DA1-0007AFA2F0A7}.Release|iPhoneSimulator.Build.0 = Release|iPhoneSimulator
		{69B3FEB0-92F6-44C7-9DA1-0007AFA2F0A7}.Release|iPhoneSimulator.Deploy.0 = Release|iPhoneSimulator
		{A9842298-2EFD-4F31-8DCB-FDEEA7B84C9A}.Debug|Any CPU.ActiveCfg = Debug|Any CPU
		{A9842298-2EFD-4F31-8DCB-FDEEA7B84C9A}.Debug|Any CPU.Build.0 = Debug|Any CPU
		{A9842298-2EFD-4F31-8DCB-FDEEA7B84C9A}.Debug|Any CPU.Deploy.0 = Debug|Any CPU
		{A9842298-2EFD-4F31-8DCB-FDEEA7B84C9A}.Debug|iPhone.ActiveCfg = Debug|Any CPU
		{A9842298-2EFD-4F31-8DCB-FDEEA7B84C9A}.Debug|iPhone.Build.0 = Debug|Any CPU
		{A9842298-2EFD-4F31-8DCB-FDEEA7B84C9A}.Debug|iPhone.Deploy.0 = Debug|Any CPU
		{A9842298-2EFD-4F31-8DCB-FDEEA7B84C9A}.Debug|iPhoneSimulator.ActiveCfg = Debug|Any CPU
		{A9842298-2EFD-4F31-8DCB-FDEEA7B84C9A}.Debug|iPhoneSimulator.Build.0 = Debug|Any CPU
		{A9842298-2EFD-4F31-8DCB-FDEEA7B84C9A}.Debug|iPhoneSimulator.Deploy.0 = Debug|Any CPU
		{A9842298-2EFD-4F31-8DCB-FDEEA7B84C9A}.Release|Any CPU.ActiveCfg = Release|Any CPU
		{A9842298-2EFD-4F31-8DCB-FDEEA7B84C9A}.Release|Any CPU.Build.0 = Release|Any CPU
		{A9842298-2EFD-4F31-8DCB-FDEEA7B84C9A}.Release|Any CPU.Deploy.0 = Release|Any CPU
		{A9842298-2EFD-4F31-8DCB-FDEEA7B84C9A}.Release|iPhone.ActiveCfg = Release|Any CPU
		{A9842298-2EFD-4F31-8DCB-FDEEA7B84C9A}.Release|iPhone.Build.0 = Release|Any CPU
		{A9842298-2EFD-4F31-8DCB-FDEEA7B84C9A}.Release|iPhone.Deploy.0 = Release|Any CPU
		{A9842298-2EFD-4F31-8DCB-FDEEA7B84C9A}.Release|iPhoneSimulator.ActiveCfg = Release|Any CPU
		{A9842298-2EFD-4F31-8DCB-FDEEA7B84C9A}.Release|iPhoneSimulator.Build.0 = Release|Any CPU
		{A9842298-2EFD-4F31-8DCB-FDEEA7B84C9A}.Release|iPhoneSimulator.Deploy.0 = Release|Any CPU
	EndGlobalSection
	GlobalSection(SolutionProperties) = preSolution
		HideSolutionNode = FALSE
	EndGlobalSection
	GlobalSection(ExtensibilityGlobals) = postSolution
		SolutionGuid = {BC567361-7A19-48CD-904B-5A23114B32C1}
	EndGlobalSection
EndGlobal
